
Microsoft Visual Studio Solution File, Format Version 12.00
# Visual Studio Version 16
VisualStudioVersion = 16.0.30002.166
MinimumVisualStudioVersion = 10.0.40219.1
Project("{FAE04EC0-301F-11D3-BF4B-00C04F79EFBC}") = "Sender", "Sender\Sender.csproj", "{9779EEE9-D6C6-459B-BFB3-BD026CA9D785}"
EndProject
Project("{FAE04EC0-301F-11D3-BF4B-00C04F79EFBC}") = "Messages", "Messages\Messages.csproj", "{A6C8A44B-8412-4F9E-B733-D716DC216FF3}"
EndProject
Project("{FAE04EC0-301F-11D3-BF4B-00C04F79EFBC}") = "Endpoint", "Endpoint\Endpoint.csproj", "{E757D4E2-DB01-4C22-9833-2110F43DA05C}"
EndProject
Project("{FAE04EC0-301F-11D3-BF4B-00C04F79EFBC}") = "Receiver", "Receiver\Receiver.csproj", "{9DA64B5D-BEC7-41C7-8207-5553B23D8710}"
EndProject
Global
	GlobalSection(SolutionConfigurationPlatforms) = preSolution
		Debug|Any CPU = Debug|Any CPU
		Release|Any CPU = Release|Any CPU
	EndGlobalSection
	GlobalSection(ProjectConfigurationPlatforms) = postSolution
		{9779EEE9-D6C6-459B-BFB3-BD026CA9D785}.Debug|Any CPU.ActiveCfg = Debug|Any CPU
		{9779EEE9-D6C6-459B-BFB3-BD026CA9D785}.Debug|Any CPU.Build.0 = Debug|Any CPU
		{9779EEE9-D6C6-459B-BFB3-BD026CA9D785}.Release|Any CPU.ActiveCfg = Release|Any CPU
		{9779EEE9-D6C6-459B-BFB3-BD026CA9D785}.Release|Any CPU.Build.0 = Release|Any CPU
		{A6C8A44B-8412-4F9E-B733-D716DC216FF3}.Debug|Any CPU.ActiveCfg = Debug|Any CPU
		{A6C8A44B-8412-4F9E-B733-D716DC216FF3}.Debug|Any CPU.Build.0 = Debug|Any CPU
		{A6C8A44B-8412-4F9E-B733-D716DC216FF3}.Release|Any CPU.ActiveCfg = Release|Any CPU
		{A6C8A44B-8412-4F9E-B733-D716DC216FF3}.Release|Any CPU.Build.0 = Release|Any CPU
		{E757D4E2-DB01-4C22-9833-2110F43DA05C}.Debug|Any CPU.ActiveCfg = Debug|Any CPU
		{E757D4E2-DB01-4C22-9833-2110F43DA05C}.Debug|Any CPU.Build.0 = Debug|Any CPU
		{E757D4E2-DB01-4C22-9833-2110F43DA05C}.Release|Any CPU.ActiveCfg = Release|Any CPU
		{E757D4E2-DB01-4C22-9833-2110F43DA05C}.Release|Any CPU.Build.0 = Release|Any CPU
		{9DA64B5D-BEC7-41C7-8207-5553B23D8710}.Debug|Any CPU.ActiveCfg = Debug|Any CPU
		{9DA64B5D-BEC7-41C7-8207-5553B23D8710}.Debug|Any CPU.Build.0 = Debug|Any CPU
		{9DA64B5D-BEC7-41C7-8207-5553B23D8710}.Release|Any CPU.ActiveCfg = Release|Any CPU
		{9DA64B5D-BEC7-41C7-8207-5553B23D8710}.Release|Any CPU.Build.0 = Release|Any CPU
	EndGlobalSection
	GlobalSection(SolutionProperties) = preSolution
		HideSolutionNode = FALSE
	EndGlobalSection
	GlobalSection(ExtensibilityGlobals) = postSolution
		SolutionGuid = {4FCE21D1-1D65-441A-9254-1CB8792C18C4}
	EndGlobalSection
EndGlobal
